
Microsoft Visual Studio Solution File, Format Version 12.00
# Visual Studio Version 16
VisualStudioVersion = 16.0.29806.167
MinimumVisualStudioVersion = 10.0.40219.1
Project("{FAE04EC0-301F-11D3-BF4B-00C04F79EFBC}") = "ConsoleApp8", "ConsoleApp8\ConsoleApp8.csproj", "{DFD1B063-9C76-4279-A6A9-B72647F36052}"
EndProject
Global
	GlobalSection(SolutionConfigurationPlatforms) = preSolution
		Debug|Any CPU = Debug|Any CPU
		Release|Any CPU = Release|Any CPU
	EndGlobalSection
	GlobalSection(ProjectConfigurationPlatforms) = postSolution
		{DFD1B063-9C76-4279-A6A9-B72647F36052}.Debug|Any CPU.ActiveCfg = Debug|Any CPU
		{DFD1B063-9C76-4279-A6A9-B72647F36052}.Debug|Any CPU.Build.0 = Debug|Any CPU
		{DFD1B063-9C76-4279-A6A9-B72647F36052}.Release|Any CPU.ActiveCfg = Release|Any CPU
		{DFD1B063-9C76-4279-A6A9-B72647F36052}.Release|Any CPU.Build.0 = Release|Any CPU
	EndGlobalSection
	GlobalSection(SolutionProperties) = preSolution
		HideSolutionNode = FALSE
	EndGlobalSection
	GlobalSection(ExtensibilityGlobals) = postSolution
		SolutionGuid = {55D71616-A1F6-40A2-9068-CCC2A70CEB46}
	EndGlobalSection
EndGlobal
