
Microsoft Visual Studio Solution File, Format Version 12.00
# Visual Studio Version 16
VisualStudioVersion = 16.0.29806.167
MinimumVisualStudioVersion = 10.0.40219.1
Project("{FAE04EC0-301F-11D3-BF4B-00C04F79EFBC}") = "X", "X\X.csproj", "{2718BC23-B275-43CE-954F-A69B50F2AF84}"
EndProject
Global
	GlobalSection(SolutionConfigurationPlatforms) = preSolution
		Debug|Any CPU = Debug|Any CPU
		Release|Any CPU = Release|Any CPU
	EndGlobalSection
	GlobalSection(ProjectConfigurationPlatforms) = postSolution
		{2718BC23-B275-43CE-954F-A69B50F2AF84}.Debug|Any CPU.ActiveCfg = Debug|Any CPU
		{2718BC23-B275-43CE-954F-A69B50F2AF84}.Debug|Any CPU.Build.0 = Debug|Any CPU
		{2718BC23-B275-43CE-954F-A69B50F2AF84}.Release|Any CPU.ActiveCfg = Release|Any CPU
		{2718BC23-B275-43CE-954F-A69B50F2AF84}.Release|Any CPU.Build.0 = Release|Any CPU
	EndGlobalSection
	GlobalSection(SolutionProperties) = preSolution
		HideSolutionNode = FALSE
	EndGlobalSection
	GlobalSection(ExtensibilityGlobals) = postSolution
		SolutionGuid = {78CF6661-1C49-4005-86E4-52CD81049535}
	EndGlobalSection
EndGlobal
